
Microsoft Visual Studio Solution File, Format Version 12.00
# Visual Studio 15
VisualStudioVersion = 15.0.26430.16
MinimumVisualStudioVersion = 10.0.40219.1
Project("{FAE04EC0-301F-11D3-BF4B-00C04F79EFBC}") = "Test", "..\SimpleRenderFramework\Test\Test.csproj", "{5001761B-589F-4066-8102-FD6766EB9AEF}"
EndProject
Project("{FAE04EC0-301F-11D3-BF4B-00C04F79EFBC}") = "ReOsuStoryBoardPlayer", "ReOsuStoryBoardPlayer\ReOsuStoryBoardPlayer.csproj", "{5116D93A-A7D9-4312-B052-FBC2FE5D0444}"
EndProject
Project("{FAE04EC0-301F-11D3-BF4B-00C04F79EFBC}") = "SimpleRenderFramework", "..\SimpleRenderFramework\SimpleRenderFramework\SimpleRenderFramework.csproj", "{2372090C-BBCC-4BB5-8DC7-532C01356316}"
EndProject
Global
	GlobalSection(SolutionConfigurationPlatforms) = preSolution
		Debug|Any CPU = Debug|Any CPU
		Debug|x86 = Debug|x86
		Release|Any CPU = Release|Any CPU
		Release|x86 = Release|x86
	EndGlobalSection
	GlobalSection(ProjectConfigurationPlatforms) = postSolution
		{5001761B-589F-4066-8102-FD6766EB9AEF}.Debug|Any CPU.ActiveCfg = Debug|Any CPU
		{5001761B-589F-4066-8102-FD6766EB9AEF}.Debug|Any CPU.Build.0 = Debug|Any CPU
		{5001761B-589F-4066-8102-FD6766EB9AEF}.Debug|x86.ActiveCfg = Debug|x86
		{5001761B-589F-4066-8102-FD6766EB9AEF}.Debug|x86.Build.0 = Debug|x86
		{5001761B-589F-4066-8102-FD6766EB9AEF}.Release|Any CPU.ActiveCfg = Release|Any CPU
		{5001761B-589F-4066-8102-FD6766EB9AEF}.Release|Any CPU.Build.0 = Release|Any CPU
		{5001761B-589F-4066-8102-FD6766EB9AEF}.Release|x86.ActiveCfg = Release|x86
		{5001761B-589F-4066-8102-FD6766EB9AEF}.Release|x86.Build.0 = Release|x86
		{5116D93A-A7D9-4312-B052-FBC2FE5D0444}.Debug|Any CPU.ActiveCfg = Debug|Any CPU
		{5116D93A-A7D9-4312-B052-FBC2FE5D0444}.Debug|Any CPU.Build.0 = Debug|Any CPU
		{5116D93A-A7D9-4312-B052-FBC2FE5D0444}.Debug|x86.ActiveCfg = Debug|x86
		{5116D93A-A7D9-4312-B052-FBC2FE5D0444}.Debug|x86.Build.0 = Debug|x86
		{5116D93A-A7D9-4312-B052-FBC2FE5D0444}.Release|Any CPU.ActiveCfg = Release|Any CPU
		{5116D93A-A7D9-4312-B052-FBC2FE5D0444}.Release|Any CPU.Build.0 = Release|Any CPU
		{5116D93A-A7D9-4312-B052-FBC2FE5D0444}.Release|x86.ActiveCfg = Release|x86
		{5116D93A-A7D9-4312-B052-FBC2FE5D0444}.Release|x86.Build.0 = Release|x86
		{2372090C-BBCC-4BB5-8DC7-532C01356316}.Debug|Any CPU.ActiveCfg = Debug|Any CPU
		{2372090C-BBCC-4BB5-8DC7-532C01356316}.Debug|Any CPU.Build.0 = Debug|Any CPU
		{2372090C-BBCC-4BB5-8DC7-532C01356316}.Debug|x86.ActiveCfg = Debug|x86
		{2372090C-BBCC-4BB5-8DC7-532C01356316}.Debug|x86.Build.0 = Debug|x86
		{2372090C-BBCC-4BB5-8DC7-532C01356316}.Release|Any CPU.ActiveCfg = Release|Any CPU
		{2372090C-BBCC-4BB5-8DC7-532C01356316}.Release|Any CPU.Build.0 = Release|Any CPU
		{2372090C-BBCC-4BB5-8DC7-532C01356316}.Release|x86.ActiveCfg = Release|x86
		{2372090C-BBCC-4BB5-8DC7-532C01356316}.Release|x86.Build.0 = Release|x86
	EndGlobalSection
	GlobalSection(SolutionProperties) = preSolution
		HideSolutionNode = FALSE
	EndGlobalSection
EndGlobal
