
Microsoft Visual Studio Solution File, Format Version 12.00
# Visual Studio 15
VisualStudioVersion = 15.0.26020.0
MinimumVisualStudioVersion = 10.0.40219.1
Project("{FAE04EC0-301F-11D3-BF4B-00C04F79EFBC}") = "OsuStoryBroadPlayer", "OsuStoryBroadPlayer.csproj", "{F8223493-E422-4FA6-8380-726B8DBBE20B}"
EndProject
Project("{FAE04EC0-301F-11D3-BF4B-00C04F79EFBC}") = "StoryBroadParser", "StoryBroadParser\StoryBroadParser.csproj", "{EF5B4FE1-89E2-4989-810A-374258E26E99}"
EndProject
Global
	GlobalSection(SolutionConfigurationPlatforms) = preSolution
		Debug|Any CPU = Debug|Any CPU
		Release|Any CPU = Release|Any CPU
	EndGlobalSection
	GlobalSection(ProjectConfigurationPlatforms) = postSolution
		{F8223493-E422-4FA6-8380-726B8DBBE20B}.Debug|Any CPU.ActiveCfg = Debug|Any CPU
		{F8223493-E422-4FA6-8380-726B8DBBE20B}.Debug|Any CPU.Build.0 = Debug|Any CPU
		{F8223493-E422-4FA6-8380-726B8DBBE20B}.Release|Any CPU.ActiveCfg = Release|Any CPU
		{F8223493-E422-4FA6-8380-726B8DBBE20B}.Release|Any CPU.Build.0 = Release|Any CPU
		{EF5B4FE1-89E2-4989-810A-374258E26E99}.Debug|Any CPU.ActiveCfg = Debug|Any CPU
		{EF5B4FE1-89E2-4989-810A-374258E26E99}.Debug|Any CPU.Build.0 = Debug|Any CPU
		{EF5B4FE1-89E2-4989-810A-374258E26E99}.Release|Any CPU.ActiveCfg = Release|Any CPU
		{EF5B4FE1-89E2-4989-810A-374258E26E99}.Release|Any CPU.Build.0 = Release|Any CPU
	EndGlobalSection
	GlobalSection(SolutionProperties) = preSolution
		HideSolutionNode = FALSE
	EndGlobalSection
EndGlobal
