
Microsoft Visual Studio Solution File, Format Version 12.00
# Visual Studio Version 16
VisualStudioVersion = 16.0.29102.190
MinimumVisualStudioVersion = 10.0.40219.1
Project("{9A19103F-16F7-4668-BE54-9A1E7A4F7556}") = "ReOsuStoryboardPlayer", "ReOsuStoryboardPlayer\ReOsuStoryboardPlayer.csproj", "{5116D93A-A7D9-4312-B052-FBC2FE5D0444}"
EndProject
Project("{9A19103F-16F7-4668-BE54-9A1E7A4F7556}") = "ReOsuStoryboardPlayer.Core", "ReOsuStoryboardPlayer.Core\ReOsuStoryboardPlayer.Core.csproj", "{31711B28-3825-4EB4-A6E7-959B699EB3AB}"
EndProject
Project("{FAE04EC0-301F-11D3-BF4B-00C04F79EFBC}") = "ReOsuStoryboardPlayer.Core.UnitTest", "ReOsuStoryboardPlayer.Core.UnitTest\ReOsuStoryboardPlayer.Core.UnitTest.csproj", "{01732EC9-C11F-4009-BFAC-E1A3EA2C0323}"
EndProject
Project("{2150E333-8FDC-42A3-9474-1A3956D46DE8}") = "DependenceProjects", "DependenceProjects", "{D68C1572-D840-4344-B890-3D565B6B4DE6}"
EndProject
Project("{FAE04EC0-301F-11D3-BF4B-00C04F79EFBC}") = "ReOsuStoryboardPlayer.Core.Example", "ReOsuStoryboardPlayer.Core.Example\ReOsuStoryboardPlayer.Core.Example.csproj", "{1575EFB3-32C9-41E5-A6C3-6F17B42A3837}"
EndProject
Project("{FAE04EC0-301F-11D3-BF4B-00C04F79EFBC}") = "ReOsuStoryboardPlayer.WPFControl", "ReOsuStoryboardPlayer.WPFControl\ReOsuStoryboardPlayer.WPFControl.csproj", "{585A9E6B-A055-46C9-9055-3A46E9DC2760}"
EndProject
Project("{FAE04EC0-301F-11D3-BF4B-00C04F79EFBC}") = "ReOsuStoryboardPlayer.WPFControl.Example", "ReOsuStoryboardPlayer.WPFControl.Example\ReOsuStoryboardPlayer.WPFControl.Example.csproj", "{D79FD110-B60F-4327-83B2-E489F9E44C1C}"
EndProject
Project("{FAE04EC0-301F-11D3-BF4B-00C04F79EFBC}") = "ReOsuStoryboardPlayer.Core.Benchmark", "ReOsuStoryboardPlayer.Core.Benchmark\ReOsuStoryboardPlayer.Core.Benchmark.csproj", "{6F503A35-76E6-49D9-B5AC-8699B4B81A77}"
EndProject
Project("{9A19103F-16F7-4668-BE54-9A1E7A4F7556}") = "SaarFFmpeg", "Dependencies\SaarFFmpeg\SaarFFmpeg\SaarFFmpeg.csproj", "{E399AA80-F5DE-42D3-996F-4ADE4192BA0F}"
EndProject
Global
	GlobalSection(SolutionConfigurationPlatforms) = preSolution
		Build|Any CPU = Build|Any CPU
		Build|x64 = Build|x64
		Build|x86 = Build|x86
		Debug|Any CPU = Debug|Any CPU
		Debug|x64 = Debug|x64
		Debug|x86 = Debug|x86
		Release|Any CPU = Release|Any CPU
		Release|x64 = Release|x64
		Release|x86 = Release|x86
	EndGlobalSection
	GlobalSection(ProjectConfigurationPlatforms) = postSolution
		{5116D93A-A7D9-4312-B052-FBC2FE5D0444}.Build|Any CPU.ActiveCfg = Release|Any CPU
		{5116D93A-A7D9-4312-B052-FBC2FE5D0444}.Build|Any CPU.Build.0 = Release|Any CPU
		{5116D93A-A7D9-4312-B052-FBC2FE5D0444}.Build|x64.ActiveCfg = Release|Any CPU
		{5116D93A-A7D9-4312-B052-FBC2FE5D0444}.Build|x64.Build.0 = Release|Any CPU
		{5116D93A-A7D9-4312-B052-FBC2FE5D0444}.Build|x86.ActiveCfg = Release|x86
		{5116D93A-A7D9-4312-B052-FBC2FE5D0444}.Build|x86.Build.0 = Release|x86
		{5116D93A-A7D9-4312-B052-FBC2FE5D0444}.Debug|Any CPU.ActiveCfg = Debug|Any CPU
		{5116D93A-A7D9-4312-B052-FBC2FE5D0444}.Debug|Any CPU.Build.0 = Debug|Any CPU
		{5116D93A-A7D9-4312-B052-FBC2FE5D0444}.Debug|x64.ActiveCfg = Debug|Any CPU
		{5116D93A-A7D9-4312-B052-FBC2FE5D0444}.Debug|x64.Build.0 = Debug|Any CPU
		{5116D93A-A7D9-4312-B052-FBC2FE5D0444}.Debug|x86.ActiveCfg = Debug|x86
		{5116D93A-A7D9-4312-B052-FBC2FE5D0444}.Debug|x86.Build.0 = Debug|x86
		{5116D93A-A7D9-4312-B052-FBC2FE5D0444}.Release|Any CPU.ActiveCfg = Release|Any CPU
		{5116D93A-A7D9-4312-B052-FBC2FE5D0444}.Release|Any CPU.Build.0 = Release|Any CPU
		{5116D93A-A7D9-4312-B052-FBC2FE5D0444}.Release|x64.ActiveCfg = Release|Any CPU
		{5116D93A-A7D9-4312-B052-FBC2FE5D0444}.Release|x64.Build.0 = Release|Any CPU
		{5116D93A-A7D9-4312-B052-FBC2FE5D0444}.Release|x86.ActiveCfg = Release|x86
		{5116D93A-A7D9-4312-B052-FBC2FE5D0444}.Release|x86.Build.0 = Release|x86
		{31711B28-3825-4EB4-A6E7-959B699EB3AB}.Build|Any CPU.ActiveCfg = Release|Any CPU
		{31711B28-3825-4EB4-A6E7-959B699EB3AB}.Build|Any CPU.Build.0 = Release|Any CPU
		{31711B28-3825-4EB4-A6E7-959B699EB3AB}.Build|x64.ActiveCfg = Release|Any CPU
		{31711B28-3825-4EB4-A6E7-959B699EB3AB}.Build|x64.Build.0 = Release|Any CPU
		{31711B28-3825-4EB4-A6E7-959B699EB3AB}.Build|x86.ActiveCfg = Release|Any CPU
		{31711B28-3825-4EB4-A6E7-959B699EB3AB}.Build|x86.Build.0 = Release|Any CPU
		{31711B28-3825-4EB4-A6E7-959B699EB3AB}.Debug|Any CPU.ActiveCfg = Debug|Any CPU
		{31711B28-3825-4EB4-A6E7-959B699EB3AB}.Debug|Any CPU.Build.0 = Debug|Any CPU
		{31711B28-3825-4EB4-A6E7-959B699EB3AB}.Debug|x64.ActiveCfg = Debug|Any CPU
		{31711B28-3825-4EB4-A6E7-959B699EB3AB}.Debug|x64.Build.0 = Debug|Any CPU
		{31711B28-3825-4EB4-A6E7-959B699EB3AB}.Debug|x86.ActiveCfg = Debug|Any CPU
		{31711B28-3825-4EB4-A6E7-959B699EB3AB}.Debug|x86.Build.0 = Debug|Any CPU
		{31711B28-3825-4EB4-A6E7-959B699EB3AB}.Release|Any CPU.ActiveCfg = Release|Any CPU
		{31711B28-3825-4EB4-A6E7-959B699EB3AB}.Release|Any CPU.Build.0 = Release|Any CPU
		{31711B28-3825-4EB4-A6E7-959B699EB3AB}.Release|x64.ActiveCfg = Release|Any CPU
		{31711B28-3825-4EB4-A6E7-959B699EB3AB}.Release|x64.Build.0 = Release|Any CPU
		{31711B28-3825-4EB4-A6E7-959B699EB3AB}.Release|x86.ActiveCfg = Release|Any CPU
		{31711B28-3825-4EB4-A6E7-959B699EB3AB}.Release|x86.Build.0 = Release|Any CPU
		{01732EC9-C11F-4009-BFAC-E1A3EA2C0323}.Build|Any CPU.ActiveCfg = Release|Any CPU
		{01732EC9-C11F-4009-BFAC-E1A3EA2C0323}.Build|Any CPU.Build.0 = Release|Any CPU
		{01732EC9-C11F-4009-BFAC-E1A3EA2C0323}.Build|x64.ActiveCfg = Release|Any CPU
		{01732EC9-C11F-4009-BFAC-E1A3EA2C0323}.Build|x64.Build.0 = Release|Any CPU
		{01732EC9-C11F-4009-BFAC-E1A3EA2C0323}.Build|x86.ActiveCfg = Release|Any CPU
		{01732EC9-C11F-4009-BFAC-E1A3EA2C0323}.Build|x86.Build.0 = Release|Any CPU
		{01732EC9-C11F-4009-BFAC-E1A3EA2C0323}.Debug|Any CPU.ActiveCfg = Debug|Any CPU
		{01732EC9-C11F-4009-BFAC-E1A3EA2C0323}.Debug|Any CPU.Build.0 = Debug|Any CPU
		{01732EC9-C11F-4009-BFAC-E1A3EA2C0323}.Debug|x64.ActiveCfg = Debug|Any CPU
		{01732EC9-C11F-4009-BFAC-E1A3EA2C0323}.Debug|x64.Build.0 = Debug|Any CPU
		{01732EC9-C11F-4009-BFAC-E1A3EA2C0323}.Debug|x86.ActiveCfg = Debug|Any CPU
		{01732EC9-C11F-4009-BFAC-E1A3EA2C0323}.Debug|x86.Build.0 = Debug|Any CPU
		{01732EC9-C11F-4009-BFAC-E1A3EA2C0323}.Release|Any CPU.ActiveCfg = Release|Any CPU
		{01732EC9-C11F-4009-BFAC-E1A3EA2C0323}.Release|Any CPU.Build.0 = Release|Any CPU
		{01732EC9-C11F-4009-BFAC-E1A3EA2C0323}.Release|x64.ActiveCfg = Release|Any CPU
		{01732EC9-C11F-4009-BFAC-E1A3EA2C0323}.Release|x64.Build.0 = Release|Any CPU
		{01732EC9-C11F-4009-BFAC-E1A3EA2C0323}.Release|x86.ActiveCfg = Release|Any CPU
		{01732EC9-C11F-4009-BFAC-E1A3EA2C0323}.Release|x86.Build.0 = Release|Any CPU
		{1575EFB3-32C9-41E5-A6C3-6F17B42A3837}.Build|Any CPU.ActiveCfg = Release|Any CPU
		{1575EFB3-32C9-41E5-A6C3-6F17B42A3837}.Build|Any CPU.Build.0 = Release|Any CPU
		{1575EFB3-32C9-41E5-A6C3-6F17B42A3837}.Build|x64.ActiveCfg = Release|Any CPU
		{1575EFB3-32C9-41E5-A6C3-6F17B42A3837}.Build|x64.Build.0 = Release|Any CPU
		{1575EFB3-32C9-41E5-A6C3-6F17B42A3837}.Build|x86.ActiveCfg = Release|Any CPU
		{1575EFB3-32C9-41E5-A6C3-6F17B42A3837}.Build|x86.Build.0 = Release|Any CPU
		{1575EFB3-32C9-41E5-A6C3-6F17B42A3837}.Debug|Any CPU.ActiveCfg = Debug|Any CPU
		{1575EFB3-32C9-41E5-A6C3-6F17B42A3837}.Debug|Any CPU.Build.0 = Debug|Any CPU
		{1575EFB3-32C9-41E5-A6C3-6F17B42A3837}.Debug|x64.ActiveCfg = Debug|Any CPU
		{1575EFB3-32C9-41E5-A6C3-6F17B42A3837}.Debug|x64.Build.0 = Debug|Any CPU
		{1575EFB3-32C9-41E5-A6C3-6F17B42A3837}.Debug|x86.ActiveCfg = Debug|Any CPU
		{1575EFB3-32C9-41E5-A6C3-6F17B42A3837}.Debug|x86.Build.0 = Debug|Any CPU
		{1575EFB3-32C9-41E5-A6C3-6F17B42A3837}.Release|Any CPU.ActiveCfg = Release|Any CPU
		{1575EFB3-32C9-41E5-A6C3-6F17B42A3837}.Release|Any CPU.Build.0 = Release|Any CPU
		{1575EFB3-32C9-41E5-A6C3-6F17B42A3837}.Release|x64.ActiveCfg = Release|Any CPU
		{1575EFB3-32C9-41E5-A6C3-6F17B42A3837}.Release|x64.Build.0 = Release|Any CPU
		{1575EFB3-32C9-41E5-A6C3-6F17B42A3837}.Release|x86.ActiveCfg = Release|Any CPU
		{1575EFB3-32C9-41E5-A6C3-6F17B42A3837}.Release|x86.Build.0 = Release|Any CPU
		{585A9E6B-A055-46C9-9055-3A46E9DC2760}.Build|Any CPU.ActiveCfg = Release|Any CPU
		{585A9E6B-A055-46C9-9055-3A46E9DC2760}.Build|Any CPU.Build.0 = Release|Any CPU
		{585A9E6B-A055-46C9-9055-3A46E9DC2760}.Build|x64.ActiveCfg = Release|Any CPU
		{585A9E6B-A055-46C9-9055-3A46E9DC2760}.Build|x64.Build.0 = Release|Any CPU
		{585A9E6B-A055-46C9-9055-3A46E9DC2760}.Build|x86.ActiveCfg = Release|Any CPU
		{585A9E6B-A055-46C9-9055-3A46E9DC2760}.Build|x86.Build.0 = Release|Any CPU
		{585A9E6B-A055-46C9-9055-3A46E9DC2760}.Debug|Any CPU.ActiveCfg = Debug|Any CPU
		{585A9E6B-A055-46C9-9055-3A46E9DC2760}.Debug|Any CPU.Build.0 = Debug|Any CPU
		{585A9E6B-A055-46C9-9055-3A46E9DC2760}.Debug|x64.ActiveCfg = Debug|Any CPU
		{585A9E6B-A055-46C9-9055-3A46E9DC2760}.Debug|x64.Build.0 = Debug|Any CPU
		{585A9E6B-A055-46C9-9055-3A46E9DC2760}.Debug|x86.ActiveCfg = Debug|Any CPU
		{585A9E6B-A055-46C9-9055-3A46E9DC2760}.Debug|x86.Build.0 = Debug|Any CPU
		{585A9E6B-A055-46C9-9055-3A46E9DC2760}.Release|Any CPU.ActiveCfg = Release|Any CPU
		{585A9E6B-A055-46C9-9055-3A46E9DC2760}.Release|Any CPU.Build.0 = Release|Any CPU
		{585A9E6B-A055-46C9-9055-3A46E9DC2760}.Release|x64.ActiveCfg = Release|Any CPU
		{585A9E6B-A055-46C9-9055-3A46E9DC2760}.Release|x64.Build.0 = Release|Any CPU
		{585A9E6B-A055-46C9-9055-3A46E9DC2760}.Release|x86.ActiveCfg = Release|Any CPU
		{585A9E6B-A055-46C9-9055-3A46E9DC2760}.Release|x86.Build.0 = Release|Any CPU
		{D79FD110-B60F-4327-83B2-E489F9E44C1C}.Build|Any CPU.ActiveCfg = Release|Any CPU
		{D79FD110-B60F-4327-83B2-E489F9E44C1C}.Build|Any CPU.Build.0 = Release|Any CPU
		{D79FD110-B60F-4327-83B2-E489F9E44C1C}.Build|x64.ActiveCfg = Release|Any CPU
		{D79FD110-B60F-4327-83B2-E489F9E44C1C}.Build|x64.Build.0 = Release|Any CPU
		{D79FD110-B60F-4327-83B2-E489F9E44C1C}.Build|x86.ActiveCfg = Release|Any CPU
		{D79FD110-B60F-4327-83B2-E489F9E44C1C}.Build|x86.Build.0 = Release|Any CPU
		{D79FD110-B60F-4327-83B2-E489F9E44C1C}.Debug|Any CPU.ActiveCfg = Debug|Any CPU
		{D79FD110-B60F-4327-83B2-E489F9E44C1C}.Debug|Any CPU.Build.0 = Debug|Any CPU
		{D79FD110-B60F-4327-83B2-E489F9E44C1C}.Debug|x64.ActiveCfg = Debug|Any CPU
		{D79FD110-B60F-4327-83B2-E489F9E44C1C}.Debug|x64.Build.0 = Debug|Any CPU
		{D79FD110-B60F-4327-83B2-E489F9E44C1C}.Debug|x86.ActiveCfg = Debug|Any CPU
		{D79FD110-B60F-4327-83B2-E489F9E44C1C}.Debug|x86.Build.0 = Debug|Any CPU
		{D79FD110-B60F-4327-83B2-E489F9E44C1C}.Release|Any CPU.ActiveCfg = Release|Any CPU
		{D79FD110-B60F-4327-83B2-E489F9E44C1C}.Release|Any CPU.Build.0 = Release|Any CPU
		{D79FD110-B60F-4327-83B2-E489F9E44C1C}.Release|x64.ActiveCfg = Release|Any CPU
		{D79FD110-B60F-4327-83B2-E489F9E44C1C}.Release|x64.Build.0 = Release|Any CPU
		{D79FD110-B60F-4327-83B2-E489F9E44C1C}.Release|x86.ActiveCfg = Release|Any CPU
		{D79FD110-B60F-4327-83B2-E489F9E44C1C}.Release|x86.Build.0 = Release|Any CPU
		{6F503A35-76E6-49D9-B5AC-8699B4B81A77}.Build|Any CPU.ActiveCfg = Release|Any CPU
		{6F503A35-76E6-49D9-B5AC-8699B4B81A77}.Build|Any CPU.Build.0 = Release|Any CPU
		{6F503A35-76E6-49D9-B5AC-8699B4B81A77}.Build|x64.ActiveCfg = Release|Any CPU
		{6F503A35-76E6-49D9-B5AC-8699B4B81A77}.Build|x64.Build.0 = Release|Any CPU
		{6F503A35-76E6-49D9-B5AC-8699B4B81A77}.Build|x86.ActiveCfg = Release|Any CPU
		{6F503A35-76E6-49D9-B5AC-8699B4B81A77}.Build|x86.Build.0 = Release|Any CPU
		{6F503A35-76E6-49D9-B5AC-8699B4B81A77}.Debug|Any CPU.ActiveCfg = Debug|Any CPU
		{6F503A35-76E6-49D9-B5AC-8699B4B81A77}.Debug|Any CPU.Build.0 = Debug|Any CPU
		{6F503A35-76E6-49D9-B5AC-8699B4B81A77}.Debug|x64.ActiveCfg = Debug|Any CPU
		{6F503A35-76E6-49D9-B5AC-8699B4B81A77}.Debug|x64.Build.0 = Debug|Any CPU
		{6F503A35-76E6-49D9-B5AC-8699B4B81A77}.Debug|x86.ActiveCfg = Debug|Any CPU
		{6F503A35-76E6-49D9-B5AC-8699B4B81A77}.Debug|x86.Build.0 = Debug|Any CPU
		{6F503A35-76E6-49D9-B5AC-8699B4B81A77}.Release|Any CPU.ActiveCfg = Release|Any CPU
		{6F503A35-76E6-49D9-B5AC-8699B4B81A77}.Release|Any CPU.Build.0 = Release|Any CPU
		{6F503A35-76E6-49D9-B5AC-8699B4B81A77}.Release|x64.ActiveCfg = Release|Any CPU
		{6F503A35-76E6-49D9-B5AC-8699B4B81A77}.Release|x64.Build.0 = Release|Any CPU
		{6F503A35-76E6-49D9-B5AC-8699B4B81A77}.Release|x86.ActiveCfg = Release|Any CPU
		{6F503A35-76E6-49D9-B5AC-8699B4B81A77}.Release|x86.Build.0 = Release|Any CPU
		{E399AA80-F5DE-42D3-996F-4ADE4192BA0F}.Build|Any CPU.ActiveCfg = Debug|Any CPU
		{E399AA80-F5DE-42D3-996F-4ADE4192BA0F}.Build|Any CPU.Build.0 = Debug|Any CPU
		{E399AA80-F5DE-42D3-996F-4ADE4192BA0F}.Build|x64.ActiveCfg = Debug|Any CPU
		{E399AA80-F5DE-42D3-996F-4ADE4192BA0F}.Build|x64.Build.0 = Debug|Any CPU
		{E399AA80-F5DE-42D3-996F-4ADE4192BA0F}.Build|x86.ActiveCfg = Debug|Any CPU
		{E399AA80-F5DE-42D3-996F-4ADE4192BA0F}.Build|x86.Build.0 = Debug|Any CPU
		{E399AA80-F5DE-42D3-996F-4ADE4192BA0F}.Debug|Any CPU.ActiveCfg = Debug|Any CPU
		{E399AA80-F5DE-42D3-996F-4ADE4192BA0F}.Debug|Any CPU.Build.0 = Debug|Any CPU
		{E399AA80-F5DE-42D3-996F-4ADE4192BA0F}.Debug|x64.ActiveCfg = Debug|Any CPU
		{E399AA80-F5DE-42D3-996F-4ADE4192BA0F}.Debug|x64.Build.0 = Debug|Any CPU
		{E399AA80-F5DE-42D3-996F-4ADE4192BA0F}.Debug|x86.ActiveCfg = Debug|Any CPU
		{E399AA80-F5DE-42D3-996F-4ADE4192BA0F}.Debug|x86.Build.0 = Debug|Any CPU
		{E399AA80-F5DE-42D3-996F-4ADE4192BA0F}.Release|Any CPU.ActiveCfg = Release|Any CPU
		{E399AA80-F5DE-42D3-996F-4ADE4192BA0F}.Release|Any CPU.Build.0 = Release|Any CPU
		{E399AA80-F5DE-42D3-996F-4ADE4192BA0F}.Release|x64.ActiveCfg = Release|Any CPU
		{E399AA80-F5DE-42D3-996F-4ADE4192BA0F}.Release|x64.Build.0 = Release|Any CPU
		{E399AA80-F5DE-42D3-996F-4ADE4192BA0F}.Release|x86.ActiveCfg = Release|Any CPU
		{E399AA80-F5DE-42D3-996F-4ADE4192BA0F}.Release|x86.Build.0 = Release|Any CPU
	EndGlobalSection
	GlobalSection(SolutionProperties) = preSolution
		HideSolutionNode = FALSE
	EndGlobalSection
	GlobalSection(NestedProjects) = preSolution
		{E399AA80-F5DE-42D3-996F-4ADE4192BA0F} = {D68C1572-D840-4344-B890-3D565B6B4DE6}
	EndGlobalSection
	GlobalSection(ExtensibilityGlobals) = postSolution
		SolutionGuid = {BF763B3D-CD0D-43F0-A8E4-E56C4520F279}
	EndGlobalSection
	GlobalSection(Performance) = preSolution
		HasPerformanceSessions = true
	EndGlobalSection
	GlobalSection(Performance) = preSolution
		HasPerformanceSessions = true
	EndGlobalSection
	GlobalSection(Performance) = preSolution
		HasPerformanceSessions = true
	EndGlobalSection
	GlobalSection(Performance) = preSolution
		HasPerformanceSessions = true
	EndGlobalSection
	GlobalSection(Performance) = preSolution
		HasPerformanceSessions = true
	EndGlobalSection
EndGlobal
